// !$*UTF8*$!
{
	archiveVersion = 1;
	classes = {
	};
	objectVersion = 46;
	objects = {

/* Begin PBXBuildFile section */
		4CBDD6C51B41ECC7009806D4 /* CoreLocation.framework in Frameworks */ = {isa = PBXBuildFile; fileRef = 4CBDD6C41B41ECC7009806D4 /* CoreLocation.framework */; };
		4CC5A4AF1B41C2F500376356 /* main.m in Sources */ = {isa = PBXBuildFile; fileRef = 4CC5A4AE1B41C2F500376356 /* main.m */; };
		4CC5A4B21B41C2F500376356 /* AppDelegate.m in Sources */ = {isa = PBXBuildFile; fileRef = 4CC5A4B11B41C2F500376356 /* AppDelegate.m */; };
		4CC5A4BA1B41C2F500376356 /* Images.xcassets in Resources */ = {isa = PBXBuildFile; fileRef = 4CC5A4B91B41C2F500376356 /* Images.xcassets */; };
		4CC5A4BD1B41C2F500376356 /* LaunchScreen.xib in Resources */ = {isa = PBXBuildFile; fileRef = 4CC5A4BB1B41C2F500376356 /* LaunchScreen.xib */; };
		4CC5A4C91B41C2F500376356 /* MapPlusTests.m in Sources */ = {isa = PBXBuildFile; fileRef = 4CC5A4C81B41C2F500376356 /* MapPlusTests.m */; };
		4CC5A4D51B41C7E000376356 /* MapViewController.m in Sources */ = {isa = PBXBuildFile; fileRef = 4CC5A4D31B41C7E000376356 /* MapViewController.m */; };
		A67B35821B41ECD800D5CF43 /* CreatePinViewController.m in Sources */ = {isa = PBXBuildFile; fileRef = A67B35801B41ECD800D5CF43 /* CreatePinViewController.m */; };
		A67B35831B41ECD800D5CF43 /* CreatePinViewController.xib in Resources */ = {isa = PBXBuildFile; fileRef = A67B35811B41ECD800D5CF43 /* CreatePinViewController.xib */; };
		EA56C90B1B41C7680030BF12 /* ParseAPI.m in Sources */ = {isa = PBXBuildFile; fileRef = EA56C90A1B41C7680030BF12 /* ParseAPI.m */; };
		EA56C90E1B41C79C0030BF12 /* Pin.m in Sources */ = {isa = PBXBuildFile; fileRef = EA56C90D1B41C79C0030BF12 /* Pin.m */; };
/* End PBXBuildFile section */

/* Begin PBXContainerItemProxy section */
		4CC5A4C31B41C2F500376356 /* PBXContainerItemProxy */ = {
			isa = PBXContainerItemProxy;
			containerPortal = 4CC5A4A11B41C2F500376356 /* Project object */;
			proxyType = 1;
			remoteGlobalIDString = 4CC5A4A81B41C2F500376356;
			remoteInfo = MapPlus;
		};
/* End PBXContainerItemProxy section */

/* Begin PBXFileReference section */
		4CBDD6C41B41ECC7009806D4 /* CoreLocation.framework */ = {isa = PBXFileReference; lastKnownFileType = wrapper.framework; name = CoreLocation.framework; path = System/Library/Frameworks/CoreLocation.framework; sourceTree = SDKROOT; };
		4CC5A4A91B41C2F500376356 /* MapPlus.app */ = {isa = PBXFileReference; explicitFileType = wrapper.application; includeInIndex = 0; path = MapPlus.app; sourceTree = BUILT_PRODUCTS_DIR; };
		4CC5A4AD1B41C2F500376356 /* Info.plist */ = {isa = PBXFileReference; lastKnownFileType = text.plist.xml; path = Info.plist; sourceTree = "<group>"; };
		4CC5A4AE1B41C2F500376356 /* main.m */ = {isa = PBXFileReference; lastKnownFileType = sourcecode.c.objc; path = main.m; sourceTree = "<group>"; };
		4CC5A4B01B41C2F500376356 /* AppDelegate.h */ = {isa = PBXFileReference; lastKnownFileType = sourcecode.c.h; path = AppDelegate.h; sourceTree = "<group>"; };
		4CC5A4B11B41C2F500376356 /* AppDelegate.m */ = {isa = PBXFileReference; lastKnownFileType = sourcecode.c.objc; path = AppDelegate.m; sourceTree = "<group>"; };
		4CC5A4B91B41C2F500376356 /* Images.xcassets */ = {isa = PBXFileReference; lastKnownFileType = folder.assetcatalog; path = Images.xcassets; sourceTree = "<group>"; };
		4CC5A4BC1B41C2F500376356 /* Base */ = {isa = PBXFileReference; lastKnownFileType = file.xib; name = Base; path = Base.lproj/LaunchScreen.xib; sourceTree = "<group>"; };
		4CC5A4C21B41C2F500376356 /* MapPlusTests.xctest */ = {isa = PBXFileReference; explicitFileType = wrapper.cfbundle; includeInIndex = 0; path = MapPlusTests.xctest; sourceTree = BUILT_PRODUCTS_DIR; };
		4CC5A4C71B41C2F500376356 /* Info.plist */ = {isa = PBXFileReference; lastKnownFileType = text.plist.xml; path = Info.plist; sourceTree = "<group>"; };
		4CC5A4C81B41C2F500376356 /* MapPlusTests.m */ = {isa = PBXFileReference; lastKnownFileType = sourcecode.c.objc; path = MapPlusTests.m; sourceTree = "<group>"; };
		4CC5A4D21B41C7E000376356 /* MapViewController.h */ = {isa = PBXFileReference; fileEncoding = 4; lastKnownFileType = sourcecode.c.h; path = MapViewController.h; sourceTree = "<group>"; };
		4CC5A4D31B41C7E000376356 /* MapViewController.m */ = {isa = PBXFileReference; fileEncoding = 4; lastKnownFileType = sourcecode.c.objc; path = MapViewController.m; sourceTree = "<group>"; };
		A67B357F1B41ECD800D5CF43 /* CreatePinViewController.h */ = {isa = PBXFileReference; fileEncoding = 4; lastKnownFileType = sourcecode.c.h; path = CreatePinViewController.h; sourceTree = "<group>"; };
		A67B35801B41ECD800D5CF43 /* CreatePinViewController.m */ = {isa = PBXFileReference; fileEncoding = 4; lastKnownFileType = sourcecode.c.objc; path = CreatePinViewController.m; sourceTree = "<group>"; };
		A67B35811B41ECD800D5CF43 /* CreatePinViewController.xib */ = {isa = PBXFileReference; fileEncoding = 4; lastKnownFileType = file.xib; path = CreatePinViewController.xib; sourceTree = "<group>"; };
		B26BAA90BA30D8351301FD24 /* libPods.a */ = {isa = PBXFileReference; explicitFileType = archive.ar; includeInIndex = 0; path = libPods.a; sourceTree = BUILT_PRODUCTS_DIR; };
		CCE052377F7F0A0AEF5CC5D0 /* Pods.release.xcconfig */ = {isa = PBXFileReference; includeInIndex = 1; lastKnownFileType = text.xcconfig; name = Pods.release.xcconfig; path = "../Pods/Target Support Files/Pods/Pods.release.xcconfig"; sourceTree = "<group>"; };
		E18CCDB4F6B33213DB24D09A /* Pods.debug.xcconfig */ = {isa = PBXFileReference; includeInIndex = 1; lastKnownFileType = text.xcconfig; name = Pods.debug.xcconfig; path = "../Pods/Target Support Files/Pods/Pods.debug.xcconfig"; sourceTree = "<group>"; };
		EA56C9091B41C7680030BF12 /* ParseAPI.h */ = {isa = PBXFileReference; fileEncoding = 4; lastKnownFileType = sourcecode.c.h; path = ParseAPI.h; sourceTree = "<group>"; };
		EA56C90A1B41C7680030BF12 /* ParseAPI.m */ = {isa = PBXFileReference; fileEncoding = 4; lastKnownFileType = sourcecode.c.objc; path = ParseAPI.m; sourceTree = "<group>"; };
		EA56C90C1B41C79C0030BF12 /* Pin.h */ = {isa = PBXFileReference; fileEncoding = 4; lastKnownFileType = sourcecode.c.h; path = Pin.h; sourceTree = "<group>"; };
		EA56C90D1B41C79C0030BF12 /* Pin.m */ = {isa = PBXFileReference; fileEncoding = 4; lastKnownFileType = sourcecode.c.objc; path = Pin.m; sourceTree = "<group>"; };
/* End PBXFileReference section */

/* Begin PBXFrameworksBuildPhase section */
		4CC5A4A61B41C2F500376356 /* Frameworks */ = {
			isa = PBXFrameworksBuildPhase;
			buildActionMask = 2147483647;
			files = (
				4CBDD6C51B41ECC7009806D4 /* CoreLocation.framework in Frameworks */,
			);
			runOnlyForDeploymentPostprocessing = 0;
		};
		4CC5A4BF1B41C2F500376356 /* Frameworks */ = {
			isa = PBXFrameworksBuildPhase;
			buildActionMask = 2147483647;
			files = (
			);
			runOnlyForDeploymentPostprocessing = 0;
		};
/* End PBXFrameworksBuildPhase section */

/* Begin PBXGroup section */
		4CC5A4A01B41C2F500376356 = {
			isa = PBXGroup;
			children = (
				4CC5A4AB1B41C2F500376356 /* MapPlus */,
				4CC5A4C51B41C2F500376356 /* MapPlusTests */,
				4CC5A4AA1B41C2F500376356 /* Products */,
				C68BEF4840CDDD4B31DC52CD /* Pods */,
				76BEE82846E34DD300EEB318 /* Frameworks */,
			);
			sourceTree = "<group>";
		};
		4CC5A4AA1B41C2F500376356 /* Products */ = {
			isa = PBXGroup;
			children = (
				4CC5A4A91B41C2F500376356 /* MapPlus.app */,
				4CC5A4C21B41C2F500376356 /* MapPlusTests.xctest */,
			);
			name = Products;
			sourceTree = "<group>";
		};
		4CC5A4AB1B41C2F500376356 /* MapPlus */ = {
			isa = PBXGroup;
			children = (
				4CC5A4B01B41C2F500376356 /* AppDelegate.h */,
				4CC5A4B11B41C2F500376356 /* AppDelegate.m */,
				4CC5A4D21B41C7E000376356 /* MapViewController.h */,
				4CC5A4D31B41C7E000376356 /* MapViewController.m */,
				EA56C90C1B41C79C0030BF12 /* Pin.h */,
				EA56C90D1B41C79C0030BF12 /* Pin.m */,
				A67B357F1B41ECD800D5CF43 /* CreatePinViewController.h */,
				A67B35801B41ECD800D5CF43 /* CreatePinViewController.m */,
				A67B35811B41ECD800D5CF43 /* CreatePinViewController.xib */,
				EA56C9091B41C7680030BF12 /* ParseAPI.h */,
				EA56C90A1B41C7680030BF12 /* ParseAPI.m */,
				4CC5A4B91B41C2F500376356 /* Images.xcassets */,
				4CC5A4BB1B41C2F500376356 /* LaunchScreen.xib */,
				4CC5A4AC1B41C2F500376356 /* Supporting Files */,
			);
			path = MapPlus;
			sourceTree = "<group>";
		};
		4CC5A4AC1B41C2F500376356 /* Supporting Files */ = {
			isa = PBXGroup;
			children = (
				4CC5A4AD1B41C2F500376356 /* Info.plist */,
				4CC5A4AE1B41C2F500376356 /* main.m */,
			);
			name = "Supporting Files";
			sourceTree = "<group>";
		};
		4CC5A4C51B41C2F500376356 /* MapPlusTests */ = {
			isa = PBXGroup;
			children = (
				4CC5A4C81B41C2F500376356 /* MapPlusTests.m */,
				4CC5A4C61B41C2F500376356 /* Supporting Files */,
			);
			path = MapPlusTests;
			sourceTree = "<group>";
		};
		4CC5A4C61B41C2F500376356 /* Supporting Files */ = {
			isa = PBXGroup;
			children = (
				4CC5A4C71B41C2F500376356 /* Info.plist */,
			);
			name = "Supporting Files";
			sourceTree = "<group>";
		};
		76BEE82846E34DD300EEB318 /* Frameworks */ = {
			isa = PBXGroup;
			children = (
				4CBDD6C41B41ECC7009806D4 /* CoreLocation.framework */,
				B26BAA90BA30D8351301FD24 /* libPods.a */,
			);
			name = Frameworks;
			sourceTree = "<group>";
		};
		C68BEF4840CDDD4B31DC52CD /* Pods */ = {
			isa = PBXGroup;
			children = (
				E18CCDB4F6B33213DB24D09A /* Pods.debug.xcconfig */,
				CCE052377F7F0A0AEF5CC5D0 /* Pods.release.xcconfig */,
			);
			name = Pods;
			sourceTree = "<group>";
		};
/* End PBXGroup section */

/* Begin PBXNativeTarget section */
		4CC5A4A81B41C2F500376356 /* MapPlus */ = {
			isa = PBXNativeTarget;
			buildConfigurationList = 4CC5A4CC1B41C2F500376356 /* Build configuration list for PBXNativeTarget "MapPlus" */;
			buildPhases = (
				04F68FD002C369A22718719A /* Check Pods Manifest.lock */,
				4CC5A4A51B41C2F500376356 /* Sources */,
				4CC5A4A61B41C2F500376356 /* Frameworks */,
				4CC5A4A71B41C2F500376356 /* Resources */,
				6EA8D03574F4F3AAE403C44F /* Copy Pods Resources */,
			);
			buildRules = (
			);
			dependencies = (
			);
			name = MapPlus;
			productName = MapPlus;
			productReference = 4CC5A4A91B41C2F500376356 /* MapPlus.app */;
			productType = "com.apple.product-type.application";
		};
		4CC5A4C11B41C2F500376356 /* MapPlusTests */ = {
			isa = PBXNativeTarget;
			buildConfigurationList = 4CC5A4CF1B41C2F500376356 /* Build configuration list for PBXNativeTarget "MapPlusTests" */;
			buildPhases = (
				4CC5A4BE1B41C2F500376356 /* Sources */,
				4CC5A4BF1B41C2F500376356 /* Frameworks */,
				4CC5A4C01B41C2F500376356 /* Resources */,
			);
			buildRules = (
			);
			dependencies = (
				4CC5A4C41B41C2F500376356 /* PBXTargetDependency */,
			);
			name = MapPlusTests;
			productName = MapPlusTests;
			productReference = 4CC5A4C21B41C2F500376356 /* MapPlusTests.xctest */;
			productType = "com.apple.product-type.bundle.unit-test";
		};
/* End PBXNativeTarget section */

/* Begin PBXProject section */
		4CC5A4A11B41C2F500376356 /* Project object */ = {
			isa = PBXProject;
			attributes = {
				LastUpgradeCheck = 0630;
				ORGANIZATIONNAME = MapPlusTeam;
				TargetAttributes = {
					4CC5A4A81B41C2F500376356 = {
						CreatedOnToolsVersion = 6.3.2;
					};
					4CC5A4C11B41C2F500376356 = {
						CreatedOnToolsVersion = 6.3.2;
						TestTargetID = 4CC5A4A81B41C2F500376356;
					};
				};
			};
			buildConfigurationList = 4CC5A4A41B41C2F500376356 /* Build configuration list for PBXProject "MapPlus" */;
			compatibilityVersion = "Xcode 3.2";
			developmentRegion = English;
			hasScannedForEncodings = 0;
			knownRegions = (
				en,
				Base,
			);
			mainGroup = 4CC5A4A01B41C2F500376356;
			productRefGroup = 4CC5A4AA1B41C2F500376356 /* Products */;
			projectDirPath = "";
			projectRoot = "";
			targets = (
				4CC5A4A81B41C2F500376356 /* MapPlus */,
				4CC5A4C11B41C2F500376356 /* MapPlusTests */,
			);
		};
/* End PBXProject section */

/* Begin PBXResourcesBuildPhase section */
		4CC5A4A71B41C2F500376356 /* Resources */ = {
			isa = PBXResourcesBuildPhase;
			buildActionMask = 2147483647;
			files = (
				4CC5A4BD1B41C2F500376356 /* LaunchScreen.xib in Resources */,
				A67B35831B41ECD800D5CF43 /* CreatePinViewController.xib in Resources */,
				4CC5A4BA1B41C2F500376356 /* Images.xcassets in Resources */,
			);
			runOnlyForDeploymentPostprocessing = 0;
		};
		4CC5A4C01B41C2F500376356 /* Resources */ = {
			isa = PBXResourcesBuildPhase;
			buildActionMask = 2147483647;
			files = (
			);
			runOnlyForDeploymentPostprocessing = 0;
		};
/* End PBXResourcesBuildPhase section */

/* Begin PBXShellScriptBuildPhase section */
		04F68FD002C369A22718719A /* Check Pods Manifest.lock */ = {
			isa = PBXShellScriptBuildPhase;
			buildActionMask = 2147483647;
			files = (
			);
			inputPaths = (
			);
			name = "Check Pods Manifest.lock";
			outputPaths = (
			);
			runOnlyForDeploymentPostprocessing = 0;
			shellPath = /bin/sh;
			shellScript = "diff \"${PODS_ROOT}/../Podfile.lock\" \"${PODS_ROOT}/Manifest.lock\" > /dev/null\nif [[ $? != 0 ]] ; then\n    cat << EOM\nerror: The sandbox is not in sync with the Podfile.lock. Run 'pod install' or update your CocoaPods installation.\nEOM\n    exit 1\nfi\n";
			showEnvVarsInLog = 0;
		};
		6EA8D03574F4F3AAE403C44F /* Copy Pods Resources */ = {
			isa = PBXShellScriptBuildPhase;
			buildActionMask = 2147483647;
			files = (
			);
			inputPaths = (
			);
			name = "Copy Pods Resources";
			outputPaths = (
			);
			runOnlyForDeploymentPostprocessing = 0;
			shellPath = /bin/sh;
			shellScript = "\"${SRCROOT}/../Pods/Target Support Files/Pods/Pods-resources.sh\"\n";
			showEnvVarsInLog = 0;
		};
/* End PBXShellScriptBuildPhase section */

/* Begin PBXSourcesBuildPhase section */
		4CC5A4A51B41C2F500376356 /* Sources */ = {
			isa = PBXSourcesBuildPhase;
			buildActionMask = 2147483647;
			files = (
				A67B35821B41ECD800D5CF43 /* CreatePinViewController.m in Sources */,
				4CC5A4D51B41C7E000376356 /* MapViewController.m in Sources */,
				4CC5A4B21B41C2F500376356 /* AppDelegate.m in Sources */,
				4CC5A4AF1B41C2F500376356 /* main.m in Sources */,
				EA56C90B1B41C7680030BF12 /* ParseAPI.m in Sources */,
				EA56C90E1B41C79C0030BF12 /* Pin.m in Sources */,
			);
			runOnlyForDeploymentPostprocessing = 0;
		};
		4CC5A4BE1B41C2F500376356 /* Sources */ = {
			isa = PBXSourcesBuildPhase;
			buildActionMask = 2147483647;
			files = (
				4CC5A4C91B41C2F500376356 /* MapPlusTests.m in Sources */,
			);
			runOnlyForDeploymentPostprocessing = 0;
		};
/* End PBXSourcesBuildPhase section */

/* Begin PBXTargetDependency section */
		4CC5A4C41B41C2F500376356 /* PBXTargetDependency */ = {
			isa = PBXTargetDependency;
			target = 4CC5A4A81B41C2F500376356 /* MapPlus */;
			targetProxy = 4CC5A4C31B41C2F500376356 /* PBXContainerItemProxy */;
		};
/* End PBXTargetDependency section */

/* Begin PBXVariantGroup section */
		4CC5A4BB1B41C2F500376356 /* LaunchScreen.xib */ = {
			isa = PBXVariantGroup;
			children = (
				4CC5A4BC1B41C2F500376356 /* Base */,
			);
			name = LaunchScreen.xib;
			sourceTree = "<group>";
		};
/* End PBXVariantGroup section */

/* Begin XCBuildConfiguration section */
		4CC5A4CA1B41C2F500376356 /* Debug */ = {
			isa = XCBuildConfiguration;
			buildSettings = {
				ALWAYS_SEARCH_USER_PATHS = NO;
				CLANG_CXX_LANGUAGE_STANDARD = "gnu++0x";
				CLANG_CXX_LIBRARY = "libc++";
				CLANG_ENABLE_MODULES = YES;
				CLANG_ENABLE_OBJC_ARC = YES;
				CLANG_WARN_BOOL_CONVERSION = YES;
				CLANG_WARN_CONSTANT_CONVERSION = YES;
				CLANG_WARN_DIRECT_OBJC_ISA_USAGE = YES_ERROR;
				CLANG_WARN_EMPTY_BODY = YES;
				CLANG_WARN_ENUM_CONVERSION = YES;
				CLANG_WARN_INT_CONVERSION = YES;
				CLANG_WARN_OBJC_ROOT_CLASS = YES_ERROR;
				CLANG_WARN_UNREACHABLE_CODE = YES;
				CLANG_WARN__DUPLICATE_METHOD_MATCH = YES;
				"CODE_SIGN_IDENTITY[sdk=iphoneos*]" = "iPhone Developer";
				COPY_PHASE_STRIP = NO;
				DEBUG_INFORMATION_FORMAT = "dwarf-with-dsym";
				ENABLE_STRICT_OBJC_MSGSEND = YES;
				GCC_C_LANGUAGE_STANDARD = gnu99;
				GCC_DYNAMIC_NO_PIC = NO;
				GCC_NO_COMMON_BLOCKS = YES;
				GCC_OPTIMIZATION_LEVEL = 0;
				GCC_PREPROCESSOR_DEFINITIONS = (
					"DEBUG=1",
					"$(inherited)",
				);
				GCC_SYMBOLS_PRIVATE_EXTERN = NO;
				GCC_WARN_64_TO_32_BIT_CONVERSION = YES;
				GCC_WARN_ABOUT_RETURN_TYPE = YES_ERROR;
				GCC_WARN_UNDECLARED_SELECTOR = YES;
				GCC_WARN_UNINITIALIZED_AUTOS = YES_AGGRESSIVE;
				GCC_WARN_UNUSED_FUNCTION = YES;
				GCC_WARN_UNUSED_VARIABLE = YES;
				IPHONEOS_DEPLOYMENT_TARGET = 8.3;
				MTL_ENABLE_DEBUG_INFO = YES;
				ONLY_ACTIVE_ARCH = YES;
				SDKROOT = iphoneos;
				TARGETED_DEVICE_FAMILY = "1,2";
			};
			name = Debug;
		};
		4CC5A4CB1B41C2F500376356 /* Release */ = {
			isa = XCBuildConfiguration;
			buildSettings = {
				ALWAYS_SEARCH_USER_PATHS = NO;
				CLANG_CXX_LANGUAGE_STANDARD = "gnu++0x";
				CLANG_CXX_LIBRARY = "libc++";
				CLANG_ENABLE_MODULES = YES;
				CLANG_ENABLE_OBJC_ARC = YES;
				CLANG_WARN_BOOL_CONVERSION = YES;
				CLANG_WARN_CONSTANT_CONVERSION = YES;
				CLANG_WARN_DIRECT_OBJC_ISA_USAGE = YES_ERROR;
				CLANG_WARN_EMPTY_BODY = YES;
				CLANG_WARN_ENUM_CONVERSION = YES;
				CLANG_WARN_INT_CONVERSION = YES;
				CLANG_WARN_OBJC_ROOT_CLASS = YES_ERROR;
				CLANG_WARN_UNREACHABLE_CODE = YES;
				CLANG_WARN__DUPLICATE_METHOD_MATCH = YES;
				"CODE_SIGN_IDENTITY[sdk=iphoneos*]" = "iPhone Developer";
				COPY_PHASE_STRIP = NO;
				DEBUG_INFORMATION_FORMAT = "dwarf-with-dsym";
				ENABLE_NS_ASSERTIONS = NO;
				ENABLE_STRICT_OBJC_MSGSEND = YES;
				GCC_C_LANGUAGE_STANDARD = gnu99;
				GCC_NO_COMMON_BLOCKS = YES;
				GCC_WARN_64_TO_32_BIT_CONVERSION = YES;
				GCC_WARN_ABOUT_RETURN_TYPE = YES_ERROR;
				GCC_WARN_UNDECLARED_SELECTOR = YES;
				GCC_WARN_UNINITIALIZED_AUTOS = YES_AGGRESSIVE;
				GCC_WARN_UNUSED_FUNCTION = YES;
				GCC_WARN_UNUSED_VARIABLE = YES;
				IPHONEOS_DEPLOYMENT_TARGET = 8.3;
				MTL_ENABLE_DEBUG_INFO = NO;
				SDKROOT = iphoneos;
				TARGETED_DEVICE_FAMILY = "1,2";
				VALIDATE_PRODUCT = YES;
			};
			name = Release;
		};
		4CC5A4CD1B41C2F500376356 /* Debug */ = {
			isa = XCBuildConfiguration;
			baseConfigurationReference = E18CCDB4F6B33213DB24D09A /* Pods.debug.xcconfig */;
			buildSettings = {
				ASSETCATALOG_COMPILER_APPICON_NAME = AppIcon;
				INFOPLIST_FILE = MapPlus/Info.plist;
				LD_RUNPATH_SEARCH_PATHS = "$(inherited) @executable_path/Frameworks";
				PRODUCT_NAME = "$(TARGET_NAME)";
			};
			name = Debug;
		};
		4CC5A4CE1B41C2F500376356 /* Release */ = {
			isa = XCBuildConfiguration;
			baseConfigurationReference = CCE052377F7F0A0AEF5CC5D0 /* Pods.release.xcconfig */;
			buildSettings = {
				ASSETCATALOG_COMPILER_APPICON_NAME = AppIcon;
				INFOPLIST_FILE = MapPlus/Info.plist;
				LD_RUNPATH_SEARCH_PATHS = "$(inherited) @executable_path/Frameworks";
				PRODUCT_NAME = "$(TARGET_NAME)";
			};
			name = Release;
		};
		4CC5A4D01B41C2F500376356 /* Debug */ = {
			isa = XCBuildConfiguration;
			buildSettings = {
				BUNDLE_LOADER = "$(TEST_HOST)";
				FRAMEWORK_SEARCH_PATHS = (
					"$(SDKROOT)/Developer/Library/Frameworks",
					"$(inherited)",
				);
				GCC_PREPROCESSOR_DEFINITIONS = (
					"DEBUG=1",
					"$(inherited)",
				);
				INFOPLIST_FILE = MapPlusTests/Info.plist;
				LD_RUNPATH_SEARCH_PATHS = "$(inherited) @executable_path/Frameworks @loader_path/Frameworks";
				PRODUCT_NAME = "$(TARGET_NAME)";
				TEST_HOST = "$(BUILT_PRODUCTS_DIR)/MapPlus.app/MapPlus";
			};
			name = Debug;
		};
		4CC5A4D11B41C2F500376356 /* Release */ = {
			isa = XCBuildConfiguration;
			buildSettings = {
				BUNDLE_LOADER = "$(TEST_HOST)";
				FRAMEWORK_SEARCH_PATHS = (
					"$(SDKROOT)/Developer/Library/Frameworks",
					"$(inherited)",
				);
				INFOPLIST_FILE = MapPlusTests/Info.plist;
				LD_RUNPATH_SEARCH_PATHS = "$(inherited) @executable_path/Frameworks @loader_path/Frameworks";
				PRODUCT_NAME = "$(TARGET_NAME)";
				TEST_HOST = "$(BUILT_PRODUCTS_DIR)/MapPlus.app/MapPlus";
			};
			name = Release;
		};
/* End XCBuildConfiguration section */

/* Begin XCConfigurationList section */
		4CC5A4A41B41C2F500376356 /* Build configuration list for PBXProject "MapPlus" */ = {
			isa = XCConfigurationList;
			buildConfigurations = (
				4CC5A4CA1B41C2F500376356 /* Debug */,
				4CC5A4CB1B41C2F500376356 /* Release */,
			);
			defaultConfigurationIsVisible = 0;
			defaultConfigurationName = Release;
		};
		4CC5A4CC1B41C2F500376356 /* Build configuration list for PBXNativeTarget "MapPlus" */ = {
			isa = XCConfigurationList;
			buildConfigurations = (
				4CC5A4CD1B41C2F500376356 /* Debug */,
				4CC5A4CE1B41C2F500376356 /* Release */,
			);
			defaultConfigurationIsVisible = 0;
			defaultConfigurationName = Release;
		};
		4CC5A4CF1B41C2F500376356 /* Build configuration list for PBXNativeTarget "MapPlusTests" */ = {
			isa = XCConfigurationList;
			buildConfigurations = (
				4CC5A4D01B41C2F500376356 /* Debug */,
				4CC5A4D11B41C2F500376356 /* Release */,
			);
			defaultConfigurationIsVisible = 0;
			defaultConfigurationName = Release;
		};
/* End XCConfigurationList section */
	};
	rootObject = 4CC5A4A11B41C2F500376356 /* Project object */;
}
